// !$*UTF8*$!
{
	archiveVersion = 1;
	classes = {
	};
	objectVersion = 56;
	objects = {

/* Begin PBXBuildFile section */
		D2135AB72AAE4DBD005268A6 /* Customers.swift in Sources */ = {isa = PBXBuildFile; fileRef = D2135AB62AAE4DBD005268A6 /* Customers.swift */; };
		D2215B6F2AA7856E00424CF7 /* SF-Pro-Display-Semibold.otf in Resources */ = {isa = PBXBuildFile; fileRef = D2215B6E2AA7856E00424CF7 /* SF-Pro-Display-Semibold.otf */; };
		D22D92802AA71BF2004EA4E2 /* MainCollectionViewCell.swift in Sources */ = {isa = PBXBuildFile; fileRef = D22D927E2AA71BF2004EA4E2 /* MainCollectionViewCell.swift */; };
		D22D92812AA71BF2004EA4E2 /* MainCollectionViewCell.xib in Resources */ = {isa = PBXBuildFile; fileRef = D22D927F2AA71BF2004EA4E2 /* MainCollectionViewCell.xib */; };
		D2326CF12AA64342009B35FD /* AppDelegate.swift in Sources */ = {isa = PBXBuildFile; fileRef = D2326CF02AA64342009B35FD /* AppDelegate.swift */; };
		D2326CF32AA64342009B35FD /* SceneDelegate.swift in Sources */ = {isa = PBXBuildFile; fileRef = D2326CF22AA64342009B35FD /* SceneDelegate.swift */; };
		D2326CF82AA64342009B35FD /* Main.storyboard in Resources */ = {isa = PBXBuildFile; fileRef = D2326CF62AA64342009B35FD /* Main.storyboard */; };
		D2326CFA2AA64343009B35FD /* Assets.xcassets in Resources */ = {isa = PBXBuildFile; fileRef = D2326CF92AA64343009B35FD /* Assets.xcassets */; };
		D2326CFD2AA64343009B35FD /* LaunchScreen.storyboard in Resources */ = {isa = PBXBuildFile; fileRef = D2326CFB2AA64343009B35FD /* LaunchScreen.storyboard */; };
		D2326D0C2AA64514009B35FD /* NetworkManager.swift in Sources */ = {isa = PBXBuildFile; fileRef = D2326D0B2AA64514009B35FD /* NetworkManager.swift */; };
		D2326D0E2AA64D42009B35FD /* MainViewController.swift in Sources */ = {isa = PBXBuildFile; fileRef = D2326D0D2AA64D42009B35FD /* MainViewController.swift */; };
		D2326D132AA64FA3009B35FD /* MainTableViewCell.swift in Sources */ = {isa = PBXBuildFile; fileRef = D2326D112AA64FA3009B35FD /* MainTableViewCell.swift */; };
		D2326D142AA64FA3009B35FD /* MainTableViewCell.xib in Resources */ = {isa = PBXBuildFile; fileRef = D2326D122AA64FA3009B35FD /* MainTableViewCell.xib */; };
		D23DF7A72AB0B3CA00242755 /* ScrollViewManager.swift in Sources */ = {isa = PBXBuildFile; fileRef = D23DF7A62AB0B3CA00242755 /* ScrollViewManager.swift */; };
		D241AB932AACFD5B007BE1BC /* SecondCollectionViewCell.swift in Sources */ = {isa = PBXBuildFile; fileRef = D241AB912AACFD5B007BE1BC /* SecondCollectionViewCell.swift */; };
		D241AB942AACFD5B007BE1BC /* SecondCollectionViewCell.xib in Resources */ = {isa = PBXBuildFile; fileRef = D241AB922AACFD5B007BE1BC /* SecondCollectionViewCell.xib */; };
		D252B05F2AAF62F1003A7A4C /* TextFieldManager.swift in Sources */ = {isa = PBXBuildFile; fileRef = D252B05E2AAF62F1003A7A4C /* TextFieldManager.swift */; };
		D256053E2AAFBE93006C2498 /* FinalViewController.swift in Sources */ = {isa = PBXBuildFile; fileRef = D256053D2AAFBE93006C2498 /* FinalViewController.swift */; };
		D26EFF002AAB05D900E05F4A /* UtilityManager.swift in Sources */ = {isa = PBXBuildFile; fileRef = D26EFEFF2AAB05D900E05F4A /* UtilityManager.swift */; };
		D26EFF022AAB133800E05F4A /* AnimationManager.swift in Sources */ = {isa = PBXBuildFile; fileRef = D26EFF012AAB133800E05F4A /* AnimationManager.swift */; };
		D26EFF042AAB1A5F00E05F4A /* DynamicCreatingViewManager.swift in Sources */ = {isa = PBXBuildFile; fileRef = D26EFF032AAB1A5F00E05F4A /* DynamicCreatingViewManager.swift */; };
		D26EFF062AAB1DA700E05F4A /* TableViewManager.swift in Sources */ = {isa = PBXBuildFile; fileRef = D26EFF052AAB1DA700E05F4A /* TableViewManager.swift */; };
		D26EFF0A2AAB359200E05F4A /* SliderManager.swift in Sources */ = {isa = PBXBuildFile; fileRef = D26EFF092AAB359200E05F4A /* SliderManager.swift */; };
		D26F84012AA7D74600D1F229 /* Main2TableViewCell.swift in Sources */ = {isa = PBXBuildFile; fileRef = D26F83FF2AA7D74600D1F229 /* Main2TableViewCell.swift */; };
		D26F84022AA7D74600D1F229 /* Main2TableViewCell.xib in Resources */ = {isa = PBXBuildFile; fileRef = D26F84002AA7D74600D1F229 /* Main2TableViewCell.xib */; };
		D26F84042AA7F19600D1F229 /* AboutHotel.swift in Sources */ = {isa = PBXBuildFile; fileRef = D26F84032AA7F19600D1F229 /* AboutHotel.swift */; };
		D26F84072AA8654C00D1F229 /* Logger.swift in Sources */ = {isa = PBXBuildFile; fileRef = D26F84062AA8654C00D1F229 /* Logger.swift */; };
		D277951B2AB28B930096180C /* ActionManager.swift in Sources */ = {isa = PBXBuildFile; fileRef = D277951A2AB28B930096180C /* ActionManager.swift */; };
		D277951D2AB2F9C10096180C /* UIManager.swift in Sources */ = {isa = PBXBuildFile; fileRef = D277951C2AB2F9C10096180C /* UIManager.swift */; };
		D277951F2AB3199C0096180C /* UIViewController+extension.swift in Sources */ = {isa = PBXBuildFile; fileRef = D277951E2AB3199C0096180C /* UIViewController+extension.swift */; };
		D27795212AB395170096180C /* CustomNavigationController.swift in Sources */ = {isa = PBXBuildFile; fileRef = D27795202AB395160096180C /* CustomNavigationController.swift */; };
		D27795232AB39BD30096180C /* CustomPageControl.swift in Sources */ = {isa = PBXBuildFile; fileRef = D27795222AB39BD30096180C /* CustomPageControl.swift */; };
		D27EF0D92AAF0D3E006233DB /* ThirdViewController.swift in Sources */ = {isa = PBXBuildFile; fileRef = D27EF0D82AAF0D3E006233DB /* ThirdViewController.swift */; };
		D28363C92AAC776F0031DDAF /* SecondViewController.swift in Sources */ = {isa = PBXBuildFile; fileRef = D28363C82AAC776F0031DDAF /* SecondViewController.swift */; };
		D28363CE2AAC7C8F0031DDAF /* SecondTableViewCell.swift in Sources */ = {isa = PBXBuildFile; fileRef = D28363CC2AAC7C8F0031DDAF /* SecondTableViewCell.swift */; };
		D28363CF2AAC7C8F0031DDAF /* SecondTableViewCell.xib in Resources */ = {isa = PBXBuildFile; fileRef = D28363CD2AAC7C8F0031DDAF /* SecondTableViewCell.xib */; };
		D28746E12AA9CC30003CB32D /* NestedTableViewController.swift in Sources */ = {isa = PBXBuildFile; fileRef = D28746E02AA9CC30003CB32D /* NestedTableViewController.swift */; };
		D28E47BA2AC4E99700381C77 /* FirstScreenUISettings.swift in Sources */ = {isa = PBXBuildFile; fileRef = D28E47B92AC4E99700381C77 /* FirstScreenUISettings.swift */; };
		D2AA2E382AA76FD600E6CCAA /* SF-Pro-Display-Regular.otf in Resources */ = {isa = PBXBuildFile; fileRef = D2AA2E372AA76FD600E6CCAA /* SF-Pro-Display-Regular.otf */; };
		D2B62DA02AABA3B3003E7E42 /* Rooms.swift in Sources */ = {isa = PBXBuildFile; fileRef = D2B62D9F2AABA3B3003E7E42 /* Rooms.swift */; };
		D2E6EA982AA77CB6002413FA /* SF-Pro-Display-Medium.otf in Resources */ = {isa = PBXBuildFile; fileRef = D2E6EA972AA77CB6002413FA /* SF-Pro-Display-Medium.otf */; };
		D2F03C862AA8E72B00360AA3 /* String+extension.swift in Sources */ = {isa = PBXBuildFile; fileRef = D2F03C852AA8E72B00360AA3 /* String+extension.swift */; };
/* End PBXBuildFile section */

/* Begin PBXFileReference section */
		D2135AB62AAE4DBD005268A6 /* Customers.swift */ = {isa = PBXFileReference; lastKnownFileType = sourcecode.swift; path = Customers.swift; sourceTree = "<group>"; };
		D2215B6E2AA7856E00424CF7 /* SF-Pro-Display-Semibold.otf */ = {isa = PBXFileReference; lastKnownFileType = file; path = "SF-Pro-Display-Semibold.otf"; sourceTree = "<group>"; };
		D22D927E2AA71BF2004EA4E2 /* MainCollectionViewCell.swift */ = {isa = PBXFileReference; lastKnownFileType = sourcecode.swift; path = MainCollectionViewCell.swift; sourceTree = "<group>"; };
		D22D927F2AA71BF2004EA4E2 /* MainCollectionViewCell.xib */ = {isa = PBXFileReference; lastKnownFileType = file.xib; path = MainCollectionViewCell.xib; sourceTree = "<group>"; };
		D2326CED2AA64342009B35FD /* BookingHotel.app */ = {isa = PBXFileReference; explicitFileType = wrapper.application; includeInIndex = 0; path = BookingHotel.app; sourceTree = BUILT_PRODUCTS_DIR; };
		D2326CF02AA64342009B35FD /* AppDelegate.swift */ = {isa = PBXFileReference; lastKnownFileType = sourcecode.swift; path = AppDelegate.swift; sourceTree = "<group>"; };
		D2326CF22AA64342009B35FD /* SceneDelegate.swift */ = {isa = PBXFileReference; lastKnownFileType = sourcecode.swift; path = SceneDelegate.swift; sourceTree = "<group>"; };
		D2326CF72AA64342009B35FD /* Base */ = {isa = PBXFileReference; lastKnownFileType = file.storyboard; name = Base; path = Base.lproj/Main.storyboard; sourceTree = "<group>"; };
		D2326CF92AA64343009B35FD /* Assets.xcassets */ = {isa = PBXFileReference; lastKnownFileType = folder.assetcatalog; path = Assets.xcassets; sourceTree = "<group>"; };
		D2326CFC2AA64343009B35FD /* Base */ = {isa = PBXFileReference; lastKnownFileType = file.storyboard; name = Base; path = Base.lproj/LaunchScreen.storyboard; sourceTree = "<group>"; };
		D2326CFE2AA64343009B35FD /* Info.plist */ = {isa = PBXFileReference; lastKnownFileType = text.plist.xml; path = Info.plist; sourceTree = "<group>"; };
		D2326D0B2AA64514009B35FD /* NetworkManager.swift */ = {isa = PBXFileReference; lastKnownFileType = sourcecode.swift; path = NetworkManager.swift; sourceTree = "<group>"; };
		D2326D0D2AA64D42009B35FD /* MainViewController.swift */ = {isa = PBXFileReference; lastKnownFileType = sourcecode.swift; path = MainViewController.swift; sourceTree = "<group>"; };
		D2326D112AA64FA3009B35FD /* MainTableViewCell.swift */ = {isa = PBXFileReference; lastKnownFileType = sourcecode.swift; path = MainTableViewCell.swift; sourceTree = "<group>"; };
		D2326D122AA64FA3009B35FD /* MainTableViewCell.xib */ = {isa = PBXFileReference; lastKnownFileType = file.xib; path = MainTableViewCell.xib; sourceTree = "<group>"; };
		D23DF7A62AB0B3CA00242755 /* ScrollViewManager.swift */ = {isa = PBXFileReference; lastKnownFileType = sourcecode.swift; path = ScrollViewManager.swift; sourceTree = "<group>"; };
		D241AB912AACFD5B007BE1BC /* SecondCollectionViewCell.swift */ = {isa = PBXFileReference; lastKnownFileType = sourcecode.swift; path = SecondCollectionViewCell.swift; sourceTree = "<group>"; };
		D241AB922AACFD5B007BE1BC /* SecondCollectionViewCell.xib */ = {isa = PBXFileReference; lastKnownFileType = file.xib; path = SecondCollectionViewCell.xib; sourceTree = "<group>"; };
		D252B05E2AAF62F1003A7A4C /* TextFieldManager.swift */ = {isa = PBXFileReference; lastKnownFileType = sourcecode.swift; path = TextFieldManager.swift; sourceTree = "<group>"; };
		D256053D2AAFBE93006C2498 /* FinalViewController.swift */ = {isa = PBXFileReference; lastKnownFileType = sourcecode.swift; path = FinalViewController.swift; sourceTree = "<group>"; };
		D26EFEFF2AAB05D900E05F4A /* UtilityManager.swift */ = {isa = PBXFileReference; lastKnownFileType = sourcecode.swift; path = UtilityManager.swift; sourceTree = "<group>"; };
		D26EFF012AAB133800E05F4A /* AnimationManager.swift */ = {isa = PBXFileReference; lastKnownFileType = sourcecode.swift; path = AnimationManager.swift; sourceTree = "<group>"; };
		D26EFF032AAB1A5F00E05F4A /* DynamicCreatingViewManager.swift */ = {isa = PBXFileReference; lastKnownFileType = sourcecode.swift; path = DynamicCreatingViewManager.swift; sourceTree = "<group>"; };
		D26EFF052AAB1DA700E05F4A /* TableViewManager.swift */ = {isa = PBXFileReference; lastKnownFileType = sourcecode.swift; path = TableViewManager.swift; sourceTree = "<group>"; };
		D26EFF092AAB359200E05F4A /* SliderManager.swift */ = {isa = PBXFileReference; lastKnownFileType = sourcecode.swift; path = SliderManager.swift; sourceTree = "<group>"; };
		D26F83FF2AA7D74600D1F229 /* Main2TableViewCell.swift */ = {isa = PBXFileReference; lastKnownFileType = sourcecode.swift; path = Main2TableViewCell.swift; sourceTree = "<group>"; };
		D26F84002AA7D74600D1F229 /* Main2TableViewCell.xib */ = {isa = PBXFileReference; lastKnownFileType = file.xib; path = Main2TableViewCell.xib; sourceTree = "<group>"; };
		D26F84032AA7F19600D1F229 /* AboutHotel.swift */ = {isa = PBXFileReference; lastKnownFileType = sourcecode.swift; path = AboutHotel.swift; sourceTree = "<group>"; };
		D26F84062AA8654C00D1F229 /* Logger.swift */ = {isa = PBXFileReference; lastKnownFileType = sourcecode.swift; path = Logger.swift; sourceTree = "<group>"; };
		D277951A2AB28B930096180C /* ActionManager.swift */ = {isa = PBXFileReference; lastKnownFileType = sourcecode.swift; path = ActionManager.swift; sourceTree = "<group>"; };
		D277951C2AB2F9C10096180C /* UIManager.swift */ = {isa = PBXFileReference; lastKnownFileType = sourcecode.swift; path = UIManager.swift; sourceTree = "<group>"; };
		D277951E2AB3199C0096180C /* UIViewController+extension.swift */ = {isa = PBXFileReference; lastKnownFileType = sourcecode.swift; path = "UIViewController+extension.swift"; sourceTree = "<group>"; };
		D27795202AB395160096180C /* CustomNavigationController.swift */ = {isa = PBXFileReference; lastKnownFileType = sourcecode.swift; path = CustomNavigationController.swift; sourceTree = "<group>"; };
		D27795222AB39BD30096180C /* CustomPageControl.swift */ = {isa = PBXFileReference; lastKnownFileType = sourcecode.swift; path = CustomPageControl.swift; sourceTree = "<group>"; };
		D27EF0D82AAF0D3E006233DB /* ThirdViewController.swift */ = {isa = PBXFileReference; lastKnownFileType = sourcecode.swift; path = ThirdViewController.swift; sourceTree = "<group>"; };
		D28363C82AAC776F0031DDAF /* SecondViewController.swift */ = {isa = PBXFileReference; lastKnownFileType = sourcecode.swift; path = SecondViewController.swift; sourceTree = "<group>"; };
		D28363CC2AAC7C8F0031DDAF /* SecondTableViewCell.swift */ = {isa = PBXFileReference; lastKnownFileType = sourcecode.swift; path = SecondTableViewCell.swift; sourceTree = "<group>"; };
		D28363CD2AAC7C8F0031DDAF /* SecondTableViewCell.xib */ = {isa = PBXFileReference; lastKnownFileType = file.xib; path = SecondTableViewCell.xib; sourceTree = "<group>"; };
		D28746E02AA9CC30003CB32D /* NestedTableViewController.swift */ = {isa = PBXFileReference; lastKnownFileType = sourcecode.swift; path = NestedTableViewController.swift; sourceTree = "<group>"; };
		D28E47B92AC4E99700381C77 /* FirstScreenUISettings.swift */ = {isa = PBXFileReference; lastKnownFileType = sourcecode.swift; path = FirstScreenUISettings.swift; sourceTree = "<group>"; };
		D2AA2E372AA76FD600E6CCAA /* SF-Pro-Display-Regular.otf */ = {isa = PBXFileReference; lastKnownFileType = file; path = "SF-Pro-Display-Regular.otf"; sourceTree = "<group>"; };
		D2B62D9F2AABA3B3003E7E42 /* Rooms.swift */ = {isa = PBXFileReference; lastKnownFileType = sourcecode.swift; path = Rooms.swift; sourceTree = "<group>"; };
		D2E6EA972AA77CB6002413FA /* SF-Pro-Display-Medium.otf */ = {isa = PBXFileReference; lastKnownFileType = file; path = "SF-Pro-Display-Medium.otf"; sourceTree = "<group>"; };
		D2F03C852AA8E72B00360AA3 /* String+extension.swift */ = {isa = PBXFileReference; lastKnownFileType = sourcecode.swift; path = "String+extension.swift"; sourceTree = "<group>"; };
/* End PBXFileReference section */

/* Begin PBXFrameworksBuildPhase section */
		D2326CEA2AA64342009B35FD /* Frameworks */ = {
			isa = PBXFrameworksBuildPhase;
			buildActionMask = 2147483647;
			files = (
			);
			runOnlyForDeploymentPostprocessing = 0;
		};
/* End PBXFrameworksBuildPhase section */

/* Begin PBXGroup section */
		D2135AAE2AAE4A71005268A6 /* ThirdScreen */ = {
			isa = PBXGroup;
			children = (
				D2135AAF2AAE4A83005268A6 /* ViewControllers */,
			);
			path = ThirdScreen;
			sourceTree = "<group>";
		};
		D2135AAF2AAE4A83005268A6 /* ViewControllers */ = {
			isa = PBXGroup;
			children = (
				D27EF0D82AAF0D3E006233DB /* ThirdViewController.swift */,
			);
			path = ViewControllers;
			sourceTree = "<group>";
		};
		D2326CE42AA64342009B35FD = {
			isa = PBXGroup;
			children = (
				D2326CEF2AA64342009B35FD /* BookingHotel */,
				D2326CEE2AA64342009B35FD /* Products */,
			);
			sourceTree = "<group>";
		};
		D2326CEE2AA64342009B35FD /* Products */ = {
			isa = PBXGroup;
			children = (
				D2326CED2AA64342009B35FD /* BookingHotel.app */,
			);
			name = Products;
			sourceTree = "<group>";
		};
		D2326CEF2AA64342009B35FD /* BookingHotel */ = {
			isa = PBXGroup;
			children = (
				D2326CF02AA64342009B35FD /* AppDelegate.swift */,
				D2326CF22AA64342009B35FD /* SceneDelegate.swift */,
				D26F84082AA8656B00D1F229 /* DataManagers */,
				D26F84052AA7F19C00D1F229 /* Model */,
				D2326D082AA644AE009B35FD /* Layouts */,
				D2A3C6F52AAA93B4002D08AC /* FirstScreen */,
				D28363CB2AAC77900031DDAF /* SecondScreen */,
				D2135AAE2AAE4A71005268A6 /* ThirdScreen */,
				D256053F2AAFBE9E006C2498 /* FinalScreen */,
				D2F03C872AA8FD7200360AA3 /* Extensions */,
				D2E6EA962AA7707D002413FA /* Fonts */,
				D2326CFE2AA64343009B35FD /* Info.plist */,
				D2326CF92AA64343009B35FD /* Assets.xcassets */,
			);
			path = BookingHotel;
			sourceTree = "<group>";
		};
		D2326D082AA644AE009B35FD /* Layouts */ = {
			isa = PBXGroup;
			children = (
				D2326CF62AA64342009B35FD /* Main.storyboard */,
				D2326CFB2AA64343009B35FD /* LaunchScreen.storyboard */,
			);
			path = Layouts;
			sourceTree = "<group>";
		};
		D2326D092AA644CE009B35FD /* ViewControllers */ = {
			isa = PBXGroup;
			children = (
				D2326D0D2AA64D42009B35FD /* MainViewController.swift */,
				D28746E02AA9CC30003CB32D /* NestedTableViewController.swift */,
				D2326D0A2AA644DF009B35FD /* CustomCells */,
			);
			path = ViewControllers;
			sourceTree = "<group>";
		};
		D2326D0A2AA644DF009B35FD /* CustomCells */ = {
			isa = PBXGroup;
			children = (
				D2326D112AA64FA3009B35FD /* MainTableViewCell.swift */,
				D26F83FF2AA7D74600D1F229 /* Main2TableViewCell.swift */,
				D22D927E2AA71BF2004EA4E2 /* MainCollectionViewCell.swift */,
				D26F83FE2AA7D6C500D1F229 /* Xib */,
			);
			path = CustomCells;
			sourceTree = "<group>";
		};
		D256053F2AAFBE9E006C2498 /* FinalScreen */ = {
			isa = PBXGroup;
			children = (
				D256053D2AAFBE93006C2498 /* FinalViewController.swift */,
			);
			path = FinalScreen;
			sourceTree = "<group>";
		};
		D26F83FE2AA7D6C500D1F229 /* Xib */ = {
			isa = PBXGroup;
			children = (
				D2326D122AA64FA3009B35FD /* MainTableViewCell.xib */,
				D26F84002AA7D74600D1F229 /* Main2TableViewCell.xib */,
				D22D927F2AA71BF2004EA4E2 /* MainCollectionViewCell.xib */,
			);
			path = Xib;
			sourceTree = "<group>";
		};
		D26F84052AA7F19C00D1F229 /* Model */ = {
			isa = PBXGroup;
			children = (
				D26F84032AA7F19600D1F229 /* AboutHotel.swift */,
				D2B62D9F2AABA3B3003E7E42 /* Rooms.swift */,
				D2135AB62AAE4DBD005268A6 /* Customers.swift */,
			);
			path = Model;
			sourceTree = "<group>";
		};
		D26F84082AA8656B00D1F229 /* DataManagers */ = {
			isa = PBXGroup;
			children = (
				D2326D0B2AA64514009B35FD /* NetworkManager.swift */,
				D277951C2AB2F9C10096180C /* UIManager.swift */,
				D26F84062AA8654C00D1F229 /* Logger.swift */,
				D26EFEFF2AAB05D900E05F4A /* UtilityManager.swift */,
				D252B05E2AAF62F1003A7A4C /* TextFieldManager.swift */,
				D26EFF052AAB1DA700E05F4A /* TableViewManager.swift */,
				D26EFF012AAB133800E05F4A /* AnimationManager.swift */,
				D26EFF032AAB1A5F00E05F4A /* DynamicCreatingViewManager.swift */,
				D26EFF092AAB359200E05F4A /* SliderManager.swift */,
				D277951A2AB28B930096180C /* ActionManager.swift */,
				D23DF7A62AB0B3CA00242755 /* ScrollViewManager.swift */,
				D28E47B92AC4E99700381C77 /* FirstScreenUISettings.swift */,
				D2FADEA12AB477EC00B45290 /* Custom */,
			);
			path = DataManagers;
			sourceTree = "<group>";
		};
		D28363CA2AAC77750031DDAF /* ViewControllers */ = {
			isa = PBXGroup;
			children = (
				D28363C82AAC776F0031DDAF /* SecondViewController.swift */,
				D28363D02AAC7C980031DDAF /* CustomCells */,
			);
			path = ViewControllers;
			sourceTree = "<group>";
		};
		D28363CB2AAC77900031DDAF /* SecondScreen */ = {
			isa = PBXGroup;
			children = (
				D28363CA2AAC77750031DDAF /* ViewControllers */,
			);
			path = SecondScreen;
			sourceTree = "<group>";
		};
		D28363D02AAC7C980031DDAF /* CustomCells */ = {
			isa = PBXGroup;
			children = (
				D28363CC2AAC7C8F0031DDAF /* SecondTableViewCell.swift */,
				D241AB912AACFD5B007BE1BC /* SecondCollectionViewCell.swift */,
				D28363D12AAC7CA50031DDAF /* Xib */,
			);
			path = CustomCells;
			sourceTree = "<group>";
		};
		D28363D12AAC7CA50031DDAF /* Xib */ = {
			isa = PBXGroup;
			children = (
				D28363CD2AAC7C8F0031DDAF /* SecondTableViewCell.xib */,
				D241AB922AACFD5B007BE1BC /* SecondCollectionViewCell.xib */,
			);
			path = Xib;
			sourceTree = "<group>";
		};
		D2A3C6F52AAA93B4002D08AC /* FirstScreen */ = {
			isa = PBXGroup;
			children = (
				D2326D092AA644CE009B35FD /* ViewControllers */,
			);
			path = FirstScreen;
			sourceTree = "<group>";
		};
		D2E6EA962AA7707D002413FA /* Fonts */ = {
			isa = PBXGroup;
			children = (
				D2E6EA972AA77CB6002413FA /* SF-Pro-Display-Medium.otf */,
				D2AA2E372AA76FD600E6CCAA /* SF-Pro-Display-Regular.otf */,
				D2215B6E2AA7856E00424CF7 /* SF-Pro-Display-Semibold.otf */,
			);
			path = Fonts;
			sourceTree = "<group>";
		};
		D2F03C872AA8FD7200360AA3 /* Extensions */ = {
			isa = PBXGroup;
			children = (
				D2F03C852AA8E72B00360AA3 /* String+extension.swift */,
				D277951E2AB3199C0096180C /* UIViewController+extension.swift */,
			);
			path = Extensions;
			sourceTree = "<group>";
		};
		D2FADEA12AB477EC00B45290 /* Custom */ = {
			isa = PBXGroup;
			children = (
				D27795222AB39BD30096180C /* CustomPageControl.swift */,
				D27795202AB395160096180C /* CustomNavigationController.swift */,
			);
			path = Custom;
			sourceTree = "<group>";
		};
/* End PBXGroup section */

/* Begin PBXNativeTarget section */
		D2326CEC2AA64342009B35FD /* BookingHotel */ = {
			isa = PBXNativeTarget;
			buildConfigurationList = D2326D012AA64343009B35FD /* Build configuration list for PBXNativeTarget "BookingHotel" */;
			buildPhases = (
				D2326CE92AA64342009B35FD /* Sources */,
				D2326CEA2AA64342009B35FD /* Frameworks */,
				D2326CEB2AA64342009B35FD /* Resources */,
			);
			buildRules = (
			);
			dependencies = (
			);
			name = BookingHotel;
			productName = BookingHotel;
			productReference = D2326CED2AA64342009B35FD /* BookingHotel.app */;
			productType = "com.apple.product-type.application";
		};
/* End PBXNativeTarget section */

/* Begin PBXProject section */
		D2326CE52AA64342009B35FD /* Project object */ = {
			isa = PBXProject;
			attributes = {
				BuildIndependentTargetsInParallel = 1;
				LastSwiftUpdateCheck = 1430;
				LastUpgradeCheck = 1430;
				TargetAttributes = {
					D2326CEC2AA64342009B35FD = {
						CreatedOnToolsVersion = 14.3.1;
					};
				};
			};
			buildConfigurationList = D2326CE82AA64342009B35FD /* Build configuration list for PBXProject "BookingHotel" */;
			compatibilityVersion = "Xcode 14.0";
			developmentRegion = en;
			hasScannedForEncodings = 0;
			knownRegions = (
				en,
				Base,
			);
			mainGroup = D2326CE42AA64342009B35FD;
			productRefGroup = D2326CEE2AA64342009B35FD /* Products */;
			projectDirPath = "";
			projectRoot = "";
			targets = (
				D2326CEC2AA64342009B35FD /* BookingHotel */,
			);
		};
/* End PBXProject section */

/* Begin PBXResourcesBuildPhase section */
		D2326CEB2AA64342009B35FD /* Resources */ = {
			isa = PBXResourcesBuildPhase;
			buildActionMask = 2147483647;
			files = (
				D2215B6F2AA7856E00424CF7 /* SF-Pro-Display-Semibold.otf in Resources */,
				D28363CF2AAC7C8F0031DDAF /* SecondTableViewCell.xib in Resources */,
				D2326CFD2AA64343009B35FD /* LaunchScreen.storyboard in Resources */,
				D2326CFA2AA64343009B35FD /* Assets.xcassets in Resources */,
				D2326D142AA64FA3009B35FD /* MainTableViewCell.xib in Resources */,
				D2326CF82AA64342009B35FD /* Main.storyboard in Resources */,
				D2AA2E382AA76FD600E6CCAA /* SF-Pro-Display-Regular.otf in Resources */,
				D241AB942AACFD5B007BE1BC /* SecondCollectionViewCell.xib in Resources */,
				D22D92812AA71BF2004EA4E2 /* MainCollectionViewCell.xib in Resources */,
				D2E6EA982AA77CB6002413FA /* SF-Pro-Display-Medium.otf in Resources */,
				D26F84022AA7D74600D1F229 /* Main2TableViewCell.xib in Resources */,
			);
			runOnlyForDeploymentPostprocessing = 0;
		};
/* End PBXResourcesBuildPhase section */

/* Begin PBXSourcesBuildPhase section */
		D2326CE92AA64342009B35FD /* Sources */ = {
			isa = PBXSourcesBuildPhase;
			buildActionMask = 2147483647;
			files = (
				D252B05F2AAF62F1003A7A4C /* TextFieldManager.swift in Sources */,
				D26EFF042AAB1A5F00E05F4A /* DynamicCreatingViewManager.swift in Sources */,
				D28E47BA2AC4E99700381C77 /* FirstScreenUISettings.swift in Sources */,
				D2326CF12AA64342009B35FD /* AppDelegate.swift in Sources */,
				D2326D0C2AA64514009B35FD /* NetworkManager.swift in Sources */,
				D2135AB72AAE4DBD005268A6 /* Customers.swift in Sources */,
				D27795232AB39BD30096180C /* CustomPageControl.swift in Sources */,
				D26F84042AA7F19600D1F229 /* AboutHotel.swift in Sources */,
				D28363CE2AAC7C8F0031DDAF /* SecondTableViewCell.swift in Sources */,
				D26EFF022AAB133800E05F4A /* AnimationManager.swift in Sources */,
				D27795212AB395170096180C /* CustomNavigationController.swift in Sources */,
				D22D92802AA71BF2004EA4E2 /* MainCollectionViewCell.swift in Sources */,
				D27EF0D92AAF0D3E006233DB /* ThirdViewController.swift in Sources */,
				D23DF7A72AB0B3CA00242755 /* ScrollViewManager.swift in Sources */,
				D277951D2AB2F9C10096180C /* UIManager.swift in Sources */,
				D277951B2AB28B930096180C /* ActionManager.swift in Sources */,
				D26F84072AA8654C00D1F229 /* Logger.swift in Sources */,
				D26F84012AA7D74600D1F229 /* Main2TableViewCell.swift in Sources */,
				D2F03C862AA8E72B00360AA3 /* String+extension.swift in Sources */,
				D277951F2AB3199C0096180C /* UIViewController+extension.swift in Sources */,
				D256053E2AAFBE93006C2498 /* FinalViewController.swift in Sources */,
				D2326CF32AA64342009B35FD /* SceneDelegate.swift in Sources */,
				D26EFF062AAB1DA700E05F4A /* TableViewManager.swift in Sources */,
				D241AB932AACFD5B007BE1BC /* SecondCollectionViewCell.swift in Sources */,
				D28746E12AA9CC30003CB32D /* NestedTableViewController.swift in Sources */,
				D28363C92AAC776F0031DDAF /* SecondViewController.swift in Sources */,
				D26EFF0A2AAB359200E05F4A /* SliderManager.swift in Sources */,
				D2326D0E2AA64D42009B35FD /* MainViewController.swift in Sources */,
				D26EFF002AAB05D900E05F4A /* UtilityManager.swift in Sources */,
				D2B62DA02AABA3B3003E7E42 /* Rooms.swift in Sources */,
				D2326D132AA64FA3009B35FD /* MainTableViewCell.swift in Sources */,
			);
			runOnlyForDeploymentPostprocessing = 0;
		};
/* End PBXSourcesBuildPhase section */

/* Begin PBXVariantGroup section */
		D2326CF62AA64342009B35FD /* Main.storyboard */ = {
			isa = PBXVariantGroup;
			children = (
				D2326CF72AA64342009B35FD /* Base */,
			);
			name = Main.storyboard;
			sourceTree = "<group>";
		};
		D2326CFB2AA64343009B35FD /* LaunchScreen.storyboard */ = {
			isa = PBXVariantGroup;
			children = (
				D2326CFC2AA64343009B35FD /* Base */,
			);
			name = LaunchScreen.storyboard;
			sourceTree = "<group>";
		};
/* End PBXVariantGroup section */

/* Begin XCBuildConfiguration section */
		D2326CFF2AA64343009B35FD /* Debug */ = {
			isa = XCBuildConfiguration;
			buildSettings = {
				ALWAYS_SEARCH_USER_PATHS = NO;
				CLANG_ANALYZER_NONNULL = YES;
				CLANG_ANALYZER_NUMBER_OBJECT_CONVERSION = YES_AGGRESSIVE;
				CLANG_CXX_LANGUAGE_STANDARD = "gnu++20";
				CLANG_ENABLE_MODULES = YES;
				CLANG_ENABLE_OBJC_ARC = YES;
				CLANG_ENABLE_OBJC_WEAK = YES;
				CLANG_WARN_BLOCK_CAPTURE_AUTORELEASING = YES;
				CLANG_WARN_BOOL_CONVERSION = YES;
				CLANG_WARN_COMMA = YES;
				CLANG_WARN_CONSTANT_CONVERSION = YES;
				CLANG_WARN_DEPRECATED_OBJC_IMPLEMENTATIONS = YES;
				CLANG_WARN_DIRECT_OBJC_ISA_USAGE = YES_ERROR;
				CLANG_WARN_DOCUMENTATION_COMMENTS = YES;
				CLANG_WARN_EMPTY_BODY = YES;
				CLANG_WARN_ENUM_CONVERSION = YES;
				CLANG_WARN_INFINITE_RECURSION = YES;
				CLANG_WARN_INT_CONVERSION = YES;
				CLANG_WARN_NON_LITERAL_NULL_CONVERSION = YES;
				CLANG_WARN_OBJC_IMPLICIT_RETAIN_SELF = YES;
				CLANG_WARN_OBJC_LITERAL_CONVERSION = YES;
				CLANG_WARN_OBJC_ROOT_CLASS = YES_ERROR;
				CLANG_WARN_QUOTED_INCLUDE_IN_FRAMEWORK_HEADER = YES;
				CLANG_WARN_RANGE_LOOP_ANALYSIS = YES;
				CLANG_WARN_STRICT_PROTOTYPES = YES;
				CLANG_WARN_SUSPICIOUS_MOVE = YES;
				CLANG_WARN_UNGUARDED_AVAILABILITY = YES_AGGRESSIVE;
				CLANG_WARN_UNREACHABLE_CODE = YES;
				CLANG_WARN__DUPLICATE_METHOD_MATCH = YES;
				COPY_PHASE_STRIP = NO;
				DEBUG_INFORMATION_FORMAT = dwarf;
				ENABLE_STRICT_OBJC_MSGSEND = YES;
				ENABLE_TESTABILITY = YES;
				GCC_C_LANGUAGE_STANDARD = gnu11;
				GCC_DYNAMIC_NO_PIC = NO;
				GCC_NO_COMMON_BLOCKS = YES;
				GCC_OPTIMIZATION_LEVEL = 0;
				GCC_PREPROCESSOR_DEFINITIONS = (
					"DEBUG=1",
					"$(inherited)",
				);
				GCC_WARN_64_TO_32_BIT_CONVERSION = YES;
				GCC_WARN_ABOUT_RETURN_TYPE = YES_ERROR;
				GCC_WARN_UNDECLARED_SELECTOR = YES;
				GCC_WARN_UNINITIALIZED_AUTOS = YES_AGGRESSIVE;
				GCC_WARN_UNUSED_FUNCTION = YES;
				GCC_WARN_UNUSED_VARIABLE = YES;
				IPHONEOS_DEPLOYMENT_TARGET = 16.4;
				MTL_ENABLE_DEBUG_INFO = INCLUDE_SOURCE;
				MTL_FAST_MATH = YES;
				ONLY_ACTIVE_ARCH = YES;
				SDKROOT = iphoneos;
				SWIFT_ACTIVE_COMPILATION_CONDITIONS = DEBUG;
				SWIFT_OPTIMIZATION_LEVEL = "-Onone";
			};
			name = Debug;
		};
		D2326D002AA64343009B35FD /* Release */ = {
			isa = XCBuildConfiguration;
			buildSettings = {
				ALWAYS_SEARCH_USER_PATHS = NO;
				CLANG_ANALYZER_NONNULL = YES;
				CLANG_ANALYZER_NUMBER_OBJECT_CONVERSION = YES_AGGRESSIVE;
				CLANG_CXX_LANGUAGE_STANDARD = "gnu++20";
				CLANG_ENABLE_MODULES = YES;
				CLANG_ENABLE_OBJC_ARC = YES;
				CLANG_ENABLE_OBJC_WEAK = YES;
				CLANG_WARN_BLOCK_CAPTURE_AUTORELEASING = YES;
				CLANG_WARN_BOOL_CONVERSION = YES;
				CLANG_WARN_COMMA = YES;
				CLANG_WARN_CONSTANT_CONVERSION = YES;
				CLANG_WARN_DEPRECATED_OBJC_IMPLEMENTATIONS = YES;
				CLANG_WARN_DIRECT_OBJC_ISA_USAGE = YES_ERROR;
				CLANG_WARN_DOCUMENTATION_COMMENTS = YES;
				CLANG_WARN_EMPTY_BODY = YES;
				CLANG_WARN_ENUM_CONVERSION = YES;
				CLANG_WARN_INFINITE_RECURSION = YES;
				CLANG_WARN_INT_CONVERSION = YES;
				CLANG_WARN_NON_LITERAL_NULL_CONVERSION = YES;
				CLANG_WARN_OBJC_IMPLICIT_RETAIN_SELF = YES;
				CLANG_WARN_OBJC_LITERAL_CONVERSION = YES;
				CLANG_WARN_OBJC_ROOT_CLASS = YES_ERROR;
				CLANG_WARN_QUOTED_INCLUDE_IN_FRAMEWORK_HEADER = YES;
				CLANG_WARN_RANGE_LOOP_ANALYSIS = YES;
				CLANG_WARN_STRICT_PROTOTYPES = YES;
				CLANG_WARN_SUSPICIOUS_MOVE = YES;
				CLANG_WARN_UNGUARDED_AVAILABILITY = YES_AGGRESSIVE;
				CLANG_WARN_UNREACHABLE_CODE = YES;
				CLANG_WARN__DUPLICATE_METHOD_MATCH = YES;
				COPY_PHASE_STRIP = NO;
				DEBUG_INFORMATION_FORMAT = "dwarf-with-dsym";
				ENABLE_NS_ASSERTIONS = NO;
				ENABLE_STRICT_OBJC_MSGSEND = YES;
				GCC_C_LANGUAGE_STANDARD = gnu11;
				GCC_NO_COMMON_BLOCKS = YES;
				GCC_WARN_64_TO_32_BIT_CONVERSION = YES;
				GCC_WARN_ABOUT_RETURN_TYPE = YES_ERROR;
				GCC_WARN_UNDECLARED_SELECTOR = YES;
				GCC_WARN_UNINITIALIZED_AUTOS = YES_AGGRESSIVE;
				GCC_WARN_UNUSED_FUNCTION = YES;
				GCC_WARN_UNUSED_VARIABLE = YES;
				IPHONEOS_DEPLOYMENT_TARGET = 16.4;
				MTL_ENABLE_DEBUG_INFO = NO;
				MTL_FAST_MATH = YES;
				SDKROOT = iphoneos;
				SWIFT_COMPILATION_MODE = wholemodule;
				SWIFT_OPTIMIZATION_LEVEL = "-O";
				VALIDATE_PRODUCT = YES;
			};
			name = Release;
		};
		D2326D022AA64343009B35FD /* Debug */ = {
			isa = XCBuildConfiguration;
			buildSettings = {
				ASSETCATALOG_COMPILER_APPICON_NAME = AppIcon;
				ASSETCATALOG_COMPILER_GLOBAL_ACCENT_COLOR_NAME = AccentColor;
				CODE_SIGN_STYLE = Automatic;
				CURRENT_PROJECT_VERSION = 1;
				DEVELOPMENT_TEAM = H993X64HVL;
				GENERATE_INFOPLIST_FILE = YES;
				INFOPLIST_FILE = BookingHotel/Info.plist;
				INFOPLIST_KEY_UIApplicationSupportsIndirectInputEvents = YES;
				INFOPLIST_KEY_UILaunchStoryboardName = LaunchScreen;
				INFOPLIST_KEY_UIMainStoryboardFile = Main;
				INFOPLIST_KEY_UIStatusBarStyle = UIStatusBarStyleDarkContent;
				INFOPLIST_KEY_UISupportedInterfaceOrientations = UIInterfaceOrientationPortrait;
				INFOPLIST_KEY_UISupportedInterfaceOrientations_iPad = "UIInterfaceOrientationLandscapeLeft UIInterfaceOrientationLandscapeRight UIInterfaceOrientationPortrait UIInterfaceOrientationPortraitUpsideDown";
				IPHONEOS_DEPLOYMENT_TARGET = 16.0;
				LD_RUNPATH_SEARCH_PATHS = (
					"$(inherited)",
					"@executable_path/Frameworks",
				);
				MARKETING_VERSION = 1.0;
				PRODUCT_BUNDLE_IDENTIFIER = "Yury-Lebedev.BookingHotel";
				PRODUCT_NAME = "$(TARGET_NAME)";
				SUPPORTED_PLATFORMS = "iphoneos iphonesimulator";
				SUPPORTS_MACCATALYST = NO;
				SUPPORTS_MAC_DESIGNED_FOR_IPHONE_IPAD = NO;
				SWIFT_EMIT_LOC_STRINGS = YES;
				SWIFT_VERSION = 5.0;
				TARGETED_DEVICE_FAMILY = 1;
			};
			name = Debug;
		};
		D2326D032AA64343009B35FD /* Release */ = {
			isa = XCBuildConfiguration;
			buildSettings = {
				ASSETCATALOG_COMPILER_APPICON_NAME = AppIcon;
				ASSETCATALOG_COMPILER_GLOBAL_ACCENT_COLOR_NAME = AccentColor;
				CODE_SIGN_STYLE = Automatic;
				CURRENT_PROJECT_VERSION = 1;
				DEVELOPMENT_TEAM = H993X64HVL;
				GENERATE_INFOPLIST_FILE = YES;
				INFOPLIST_FILE = BookingHotel/Info.plist;
				INFOPLIST_KEY_UIApplicationSupportsIndirectInputEvents = YES;
				INFOPLIST_KEY_UILaunchStoryboardName = LaunchScreen;
				INFOPLIST_KEY_UIMainStoryboardFile = Main;
				INFOPLIST_KEY_UIStatusBarStyle = UIStatusBarStyleDarkContent;
				INFOPLIST_KEY_UISupportedInterfaceOrientations = UIInterfaceOrientationPortrait;
				INFOPLIST_KEY_UISupportedInterfaceOrientations_iPad = "UIInterfaceOrientationLandscapeLeft UIInterfaceOrientationLandscapeRight UIInterfaceOrientationPortrait UIInterfaceOrientationPortraitUpsideDown";
				IPHONEOS_DEPLOYMENT_TARGET = 16.0;
				LD_RUNPATH_SEARCH_PATHS = (
					"$(inherited)",
					"@executable_path/Frameworks",
				);
				MARKETING_VERSION = 1.0;
				PRODUCT_BUNDLE_IDENTIFIER = "Yury-Lebedev.BookingHotel";
				PRODUCT_NAME = "$(TARGET_NAME)";
				SUPPORTED_PLATFORMS = "iphoneos iphonesimulator";
				SUPPORTS_MACCATALYST = NO;
				SUPPORTS_MAC_DESIGNED_FOR_IPHONE_IPAD = NO;
				SWIFT_EMIT_LOC_STRINGS = YES;
				SWIFT_VERSION = 5.0;
				TARGETED_DEVICE_FAMILY = 1;
			};
			name = Release;
		};
/* End XCBuildConfiguration section */

/* Begin XCConfigurationList section */
		D2326CE82AA64342009B35FD /* Build configuration list for PBXProject "BookingHotel" */ = {
			isa = XCConfigurationList;
			buildConfigurations = (
				D2326CFF2AA64343009B35FD /* Debug */,
				D2326D002AA64343009B35FD /* Release */,
			);
			defaultConfigurationIsVisible = 0;
			defaultConfigurationName = Release;
		};
		D2326D012AA64343009B35FD /* Build configuration list for PBXNativeTarget "BookingHotel" */ = {
			isa = XCConfigurationList;
			buildConfigurations = (
				D2326D022AA64343009B35FD /* Debug */,
				D2326D032AA64343009B35FD /* Release */,
			);
			defaultConfigurationIsVisible = 0;
			defaultConfigurationName = Release;
		};
/* End XCConfigurationList section */
	};
	rootObject = D2326CE52AA64342009B35FD /* Project object */;
}
