// !$*UTF8*$!
{
	archiveVersion = 1;
	classes = {
	};
	objectVersion = 56;
	objects = {

/* Begin PBXBuildFile section */
		D2215B6F2AA7856E00424CF7 /* SF-Pro-Display-Semibold.otf in Resources */ = {isa = PBXBuildFile; fileRef = D2215B6E2AA7856E00424CF7 /* SF-Pro-Display-Semibold.otf */; };
		D22D92802AA71BF2004EA4E2 /* CollectionViewCell.swift in Sources */ = {isa = PBXBuildFile; fileRef = D22D927E2AA71BF2004EA4E2 /* CollectionViewCell.swift */; };
		D22D92812AA71BF2004EA4E2 /* CollectionViewCell.xib in Resources */ = {isa = PBXBuildFile; fileRef = D22D927F2AA71BF2004EA4E2 /* CollectionViewCell.xib */; };
		D2326CF12AA64342009B35FD /* AppDelegate.swift in Sources */ = {isa = PBXBuildFile; fileRef = D2326CF02AA64342009B35FD /* AppDelegate.swift */; };
		D2326CF32AA64342009B35FD /* SceneDelegate.swift in Sources */ = {isa = PBXBuildFile; fileRef = D2326CF22AA64342009B35FD /* SceneDelegate.swift */; };
		D2326CF82AA64342009B35FD /* Main.storyboard in Resources */ = {isa = PBXBuildFile; fileRef = D2326CF62AA64342009B35FD /* Main.storyboard */; };
		D2326CFA2AA64343009B35FD /* Assets.xcassets in Resources */ = {isa = PBXBuildFile; fileRef = D2326CF92AA64343009B35FD /* Assets.xcassets */; };
		D2326CFD2AA64343009B35FD /* LaunchScreen.storyboard in Resources */ = {isa = PBXBuildFile; fileRef = D2326CFB2AA64343009B35FD /* LaunchScreen.storyboard */; };
		D2326D0C2AA64514009B35FD /* NetworkManager.swift in Sources */ = {isa = PBXBuildFile; fileRef = D2326D0B2AA64514009B35FD /* NetworkManager.swift */; };
		D2326D0E2AA64D42009B35FD /* MainViewController.swift in Sources */ = {isa = PBXBuildFile; fileRef = D2326D0D2AA64D42009B35FD /* MainViewController.swift */; };
		D2326D132AA64FA3009B35FD /* MainTableViewCell.swift in Sources */ = {isa = PBXBuildFile; fileRef = D2326D112AA64FA3009B35FD /* MainTableViewCell.swift */; };
		D2326D142AA64FA3009B35FD /* MainTableViewCell.xib in Resources */ = {isa = PBXBuildFile; fileRef = D2326D122AA64FA3009B35FD /* MainTableViewCell.xib */; };
		D26F84012AA7D74600D1F229 /* Main2TableViewCell.swift in Sources */ = {isa = PBXBuildFile; fileRef = D26F83FF2AA7D74600D1F229 /* Main2TableViewCell.swift */; };
		D26F84022AA7D74600D1F229 /* Main2TableViewCell.xib in Resources */ = {isa = PBXBuildFile; fileRef = D26F84002AA7D74600D1F229 /* Main2TableViewCell.xib */; };
		D2AA2E382AA76FD600E6CCAA /* SF-Pro-Display-Regular.otf in Resources */ = {isa = PBXBuildFile; fileRef = D2AA2E372AA76FD600E6CCAA /* SF-Pro-Display-Regular.otf */; };
		D2E6EA982AA77CB6002413FA /* SF-Pro-Display-Medium.otf in Resources */ = {isa = PBXBuildFile; fileRef = D2E6EA972AA77CB6002413FA /* SF-Pro-Display-Medium.otf */; };
/* End PBXBuildFile section */

/* Begin PBXFileReference section */
		D2215B6E2AA7856E00424CF7 /* SF-Pro-Display-Semibold.otf */ = {isa = PBXFileReference; lastKnownFileType = file; path = "SF-Pro-Display-Semibold.otf"; sourceTree = "<group>"; };
		D22D927E2AA71BF2004EA4E2 /* CollectionViewCell.swift */ = {isa = PBXFileReference; lastKnownFileType = sourcecode.swift; path = CollectionViewCell.swift; sourceTree = "<group>"; };
		D22D927F2AA71BF2004EA4E2 /* CollectionViewCell.xib */ = {isa = PBXFileReference; lastKnownFileType = file.xib; path = CollectionViewCell.xib; sourceTree = "<group>"; };
		D2326CED2AA64342009B35FD /* BookingHotel.app */ = {isa = PBXFileReference; explicitFileType = wrapper.application; includeInIndex = 0; path = BookingHotel.app; sourceTree = BUILT_PRODUCTS_DIR; };
		D2326CF02AA64342009B35FD /* AppDelegate.swift */ = {isa = PBXFileReference; lastKnownFileType = sourcecode.swift; path = AppDelegate.swift; sourceTree = "<group>"; };
		D2326CF22AA64342009B35FD /* SceneDelegate.swift */ = {isa = PBXFileReference; lastKnownFileType = sourcecode.swift; path = SceneDelegate.swift; sourceTree = "<group>"; };
		D2326CF72AA64342009B35FD /* Base */ = {isa = PBXFileReference; lastKnownFileType = file.storyboard; name = Base; path = Base.lproj/Main.storyboard; sourceTree = "<group>"; };
		D2326CF92AA64343009B35FD /* Assets.xcassets */ = {isa = PBXFileReference; lastKnownFileType = folder.assetcatalog; path = Assets.xcassets; sourceTree = "<group>"; };
		D2326CFC2AA64343009B35FD /* Base */ = {isa = PBXFileReference; lastKnownFileType = file.storyboard; name = Base; path = Base.lproj/LaunchScreen.storyboard; sourceTree = "<group>"; };
		D2326CFE2AA64343009B35FD /* Info.plist */ = {isa = PBXFileReference; lastKnownFileType = text.plist.xml; path = Info.plist; sourceTree = "<group>"; };
		D2326D0B2AA64514009B35FD /* NetworkManager.swift */ = {isa = PBXFileReference; lastKnownFileType = sourcecode.swift; path = NetworkManager.swift; sourceTree = "<group>"; };
		D2326D0D2AA64D42009B35FD /* MainViewController.swift */ = {isa = PBXFileReference; lastKnownFileType = sourcecode.swift; path = MainViewController.swift; sourceTree = "<group>"; };
		D2326D112AA64FA3009B35FD /* MainTableViewCell.swift */ = {isa = PBXFileReference; lastKnownFileType = sourcecode.swift; path = MainTableViewCell.swift; sourceTree = "<group>"; };
		D2326D122AA64FA3009B35FD /* MainTableViewCell.xib */ = {isa = PBXFileReference; lastKnownFileType = file.xib; path = MainTableViewCell.xib; sourceTree = "<group>"; };
		D26F83FF2AA7D74600D1F229 /* Main2TableViewCell.swift */ = {isa = PBXFileReference; lastKnownFileType = sourcecode.swift; path = Main2TableViewCell.swift; sourceTree = "<group>"; };
		D26F84002AA7D74600D1F229 /* Main2TableViewCell.xib */ = {isa = PBXFileReference; lastKnownFileType = file.xib; path = Main2TableViewCell.xib; sourceTree = "<group>"; };
		D2AA2E372AA76FD600E6CCAA /* SF-Pro-Display-Regular.otf */ = {isa = PBXFileReference; lastKnownFileType = file; path = "SF-Pro-Display-Regular.otf"; sourceTree = "<group>"; };
		D2E6EA972AA77CB6002413FA /* SF-Pro-Display-Medium.otf */ = {isa = PBXFileReference; lastKnownFileType = file; path = "SF-Pro-Display-Medium.otf"; sourceTree = "<group>"; };
/* End PBXFileReference section */

/* Begin PBXFrameworksBuildPhase section */
		D2326CEA2AA64342009B35FD /* Frameworks */ = {
			isa = PBXFrameworksBuildPhase;
			buildActionMask = 2147483647;
			files = (
			);
			runOnlyForDeploymentPostprocessing = 0;
		};
/* End PBXFrameworksBuildPhase section */

/* Begin PBXGroup section */
		D2326CE42AA64342009B35FD = {
			isa = PBXGroup;
			children = (
				D2326CEF2AA64342009B35FD /* BookingHotel */,
				D2326CEE2AA64342009B35FD /* Products */,
			);
			sourceTree = "<group>";
		};
		D2326CEE2AA64342009B35FD /* Products */ = {
			isa = PBXGroup;
			children = (
				D2326CED2AA64342009B35FD /* BookingHotel.app */,
			);
			name = Products;
			sourceTree = "<group>";
		};
		D2326CEF2AA64342009B35FD /* BookingHotel */ = {
			isa = PBXGroup;
			children = (
				D2326CF02AA64342009B35FD /* AppDelegate.swift */,
				D2326CF22AA64342009B35FD /* SceneDelegate.swift */,
				D2326D0B2AA64514009B35FD /* NetworkManager.swift */,
				D2326D082AA644AE009B35FD /* Layouts */,
				D2326D092AA644CE009B35FD /* ViewControllers */,
				D2326CF92AA64343009B35FD /* Assets.xcassets */,
				D2E6EA962AA7707D002413FA /* Fonts */,
				D2326CFE2AA64343009B35FD /* Info.plist */,
			);
			path = BookingHotel;
			sourceTree = "<group>";
		};
		D2326D082AA644AE009B35FD /* Layouts */ = {
			isa = PBXGroup;
			children = (
				D2326CF62AA64342009B35FD /* Main.storyboard */,
				D2326CFB2AA64343009B35FD /* LaunchScreen.storyboard */,
			);
			path = Layouts;
			sourceTree = "<group>";
		};
		D2326D092AA644CE009B35FD /* ViewControllers */ = {
			isa = PBXGroup;
			children = (
				D2326D0D2AA64D42009B35FD /* MainViewController.swift */,
				D2326D0A2AA644DF009B35FD /* CustomCells */,
			);
			path = ViewControllers;
			sourceTree = "<group>";
		};
		D2326D0A2AA644DF009B35FD /* CustomCells */ = {
			isa = PBXGroup;
			children = (
				D2326D112AA64FA3009B35FD /* MainTableViewCell.swift */,
				D22D927E2AA71BF2004EA4E2 /* CollectionViewCell.swift */,
				D26F83FF2AA7D74600D1F229 /* Main2TableViewCell.swift */,
				D26F83FE2AA7D6C500D1F229 /* Xib */,
			);
			path = CustomCells;
			sourceTree = "<group>";
		};
		D26F83FE2AA7D6C500D1F229 /* Xib */ = {
			isa = PBXGroup;
			children = (
				D2326D122AA64FA3009B35FD /* MainTableViewCell.xib */,
				D26F84002AA7D74600D1F229 /* Main2TableViewCell.xib */,
				D22D927F2AA71BF2004EA4E2 /* CollectionViewCell.xib */,
			);
			path = Xib;
			sourceTree = "<group>";
		};
		D2E6EA962AA7707D002413FA /* Fonts */ = {
			isa = PBXGroup;
			children = (
				D2E6EA972AA77CB6002413FA /* SF-Pro-Display-Medium.otf */,
				D2AA2E372AA76FD600E6CCAA /* SF-Pro-Display-Regular.otf */,
				D2215B6E2AA7856E00424CF7 /* SF-Pro-Display-Semibold.otf */,
			);
			path = Fonts;
			sourceTree = "<group>";
		};
/* End PBXGroup section */

/* Begin PBXNativeTarget section */
		D2326CEC2AA64342009B35FD /* BookingHotel */ = {
			isa = PBXNativeTarget;
			buildConfigurationList = D2326D012AA64343009B35FD /* Build configuration list for PBXNativeTarget "BookingHotel" */;
			buildPhases = (
				D2326CE92AA64342009B35FD /* Sources */,
				D2326CEA2AA64342009B35FD /* Frameworks */,
				D2326CEB2AA64342009B35FD /* Resources */,
			);
			buildRules = (
			);
			dependencies = (
			);
			name = BookingHotel;
			productName = BookingHotel;
			productReference = D2326CED2AA64342009B35FD /* BookingHotel.app */;
			productType = "com.apple.product-type.application";
		};
/* End PBXNativeTarget section */

/* Begin PBXProject section */
		D2326CE52AA64342009B35FD /* Project object */ = {
			isa = PBXProject;
			attributes = {
				BuildIndependentTargetsInParallel = 1;
				LastSwiftUpdateCheck = 1430;
				LastUpgradeCheck = 1430;
				TargetAttributes = {
					D2326CEC2AA64342009B35FD = {
						CreatedOnToolsVersion = 14.3.1;
					};
				};
			};
			buildConfigurationList = D2326CE82AA64342009B35FD /* Build configuration list for PBXProject "BookingHotel" */;
			compatibilityVersion = "Xcode 14.0";
			developmentRegion = en;
			hasScannedForEncodings = 0;
			knownRegions = (
				en,
				Base,
			);
			mainGroup = D2326CE42AA64342009B35FD;
			productRefGroup = D2326CEE2AA64342009B35FD /* Products */;
			projectDirPath = "";
			projectRoot = "";
			targets = (
				D2326CEC2AA64342009B35FD /* BookingHotel */,
			);
		};
/* End PBXProject section */

/* Begin PBXResourcesBuildPhase section */
		D2326CEB2AA64342009B35FD /* Resources */ = {
			isa = PBXResourcesBuildPhase;
			buildActionMask = 2147483647;
			files = (
				D2215B6F2AA7856E00424CF7 /* SF-Pro-Display-Semibold.otf in Resources */,
				D2326CFD2AA64343009B35FD /* LaunchScreen.storyboard in Resources */,
				D2326CFA2AA64343009B35FD /* Assets.xcassets in Resources */,
				D2326D142AA64FA3009B35FD /* MainTableViewCell.xib in Resources */,
				D2326CF82AA64342009B35FD /* Main.storyboard in Resources */,
				D2AA2E382AA76FD600E6CCAA /* SF-Pro-Display-Regular.otf in Resources */,
				D22D92812AA71BF2004EA4E2 /* CollectionViewCell.xib in Resources */,
				D2E6EA982AA77CB6002413FA /* SF-Pro-Display-Medium.otf in Resources */,
				D26F84022AA7D74600D1F229 /* Main2TableViewCell.xib in Resources */,
			);
			runOnlyForDeploymentPostprocessing = 0;
		};
/* End PBXResourcesBuildPhase section */

/* Begin PBXSourcesBuildPhase section */
		D2326CE92AA64342009B35FD /* Sources */ = {
			isa = PBXSourcesBuildPhase;
			buildActionMask = 2147483647;
			files = (
				D2326CF12AA64342009B35FD /* AppDelegate.swift in Sources */,
				D2326D0C2AA64514009B35FD /* NetworkManager.swift in Sources */,
				D22D92802AA71BF2004EA4E2 /* CollectionViewCell.swift in Sources */,
				D26F84012AA7D74600D1F229 /* Main2TableViewCell.swift in Sources */,
				D2326CF32AA64342009B35FD /* SceneDelegate.swift in Sources */,
				D2326D0E2AA64D42009B35FD /* MainViewController.swift in Sources */,
				D2326D132AA64FA3009B35FD /* MainTableViewCell.swift in Sources */,
			);
			runOnlyForDeploymentPostprocessing = 0;
		};
/* End PBXSourcesBuildPhase section */

/* Begin PBXVariantGroup section */
		D2326CF62AA64342009B35FD /* Main.storyboard */ = {
			isa = PBXVariantGroup;
			children = (
				D2326CF72AA64342009B35FD /* Base */,
			);
			name = Main.storyboard;
			sourceTree = "<group>";
		};
		D2326CFB2AA64343009B35FD /* LaunchScreen.storyboard */ = {
			isa = PBXVariantGroup;
			children = (
				D2326CFC2AA64343009B35FD /* Base */,
			);
			name = LaunchScreen.storyboard;
			sourceTree = "<group>";
		};
/* End PBXVariantGroup section */

/* Begin XCBuildConfiguration section */
		D2326CFF2AA64343009B35FD /* Debug */ = {
			isa = XCBuildConfiguration;
			buildSettings = {
				ALWAYS_SEARCH_USER_PATHS = NO;
				CLANG_ANALYZER_NONNULL = YES;
				CLANG_ANALYZER_NUMBER_OBJECT_CONVERSION = YES_AGGRESSIVE;
				CLANG_CXX_LANGUAGE_STANDARD = "gnu++20";
				CLANG_ENABLE_MODULES = YES;
				CLANG_ENABLE_OBJC_ARC = YES;
				CLANG_ENABLE_OBJC_WEAK = YES;
				CLANG_WARN_BLOCK_CAPTURE_AUTORELEASING = YES;
				CLANG_WARN_BOOL_CONVERSION = YES;
				CLANG_WARN_COMMA = YES;
				CLANG_WARN_CONSTANT_CONVERSION = YES;
				CLANG_WARN_DEPRECATED_OBJC_IMPLEMENTATIONS = YES;
				CLANG_WARN_DIRECT_OBJC_ISA_USAGE = YES_ERROR;
				CLANG_WARN_DOCUMENTATION_COMMENTS = YES;
				CLANG_WARN_EMPTY_BODY = YES;
				CLANG_WARN_ENUM_CONVERSION = YES;
				CLANG_WARN_INFINITE_RECURSION = YES;
				CLANG_WARN_INT_CONVERSION = YES;
				CLANG_WARN_NON_LITERAL_NULL_CONVERSION = YES;
				CLANG_WARN_OBJC_IMPLICIT_RETAIN_SELF = YES;
				CLANG_WARN_OBJC_LITERAL_CONVERSION = YES;
				CLANG_WARN_OBJC_ROOT_CLASS = YES_ERROR;
				CLANG_WARN_QUOTED_INCLUDE_IN_FRAMEWORK_HEADER = YES;
				CLANG_WARN_RANGE_LOOP_ANALYSIS = YES;
				CLANG_WARN_STRICT_PROTOTYPES = YES;
				CLANG_WARN_SUSPICIOUS_MOVE = YES;
				CLANG_WARN_UNGUARDED_AVAILABILITY = YES_AGGRESSIVE;
				CLANG_WARN_UNREACHABLE_CODE = YES;
				CLANG_WARN__DUPLICATE_METHOD_MATCH = YES;
				COPY_PHASE_STRIP = NO;
				DEBUG_INFORMATION_FORMAT = dwarf;
				ENABLE_STRICT_OBJC_MSGSEND = YES;
				ENABLE_TESTABILITY = YES;
				GCC_C_LANGUAGE_STANDARD = gnu11;
				GCC_DYNAMIC_NO_PIC = NO;
				GCC_NO_COMMON_BLOCKS = YES;
				GCC_OPTIMIZATION_LEVEL = 0;
				GCC_PREPROCESSOR_DEFINITIONS = (
					"DEBUG=1",
					"$(inherited)",
				);
				GCC_WARN_64_TO_32_BIT_CONVERSION = YES;
				GCC_WARN_ABOUT_RETURN_TYPE = YES_ERROR;
				GCC_WARN_UNDECLARED_SELECTOR = YES;
				GCC_WARN_UNINITIALIZED_AUTOS = YES_AGGRESSIVE;
				GCC_WARN_UNUSED_FUNCTION = YES;
				GCC_WARN_UNUSED_VARIABLE = YES;
				IPHONEOS_DEPLOYMENT_TARGET = 16.4;
				MTL_ENABLE_DEBUG_INFO = INCLUDE_SOURCE;
				MTL_FAST_MATH = YES;
				ONLY_ACTIVE_ARCH = YES;
				SDKROOT = iphoneos;
				SWIFT_ACTIVE_COMPILATION_CONDITIONS = DEBUG;
				SWIFT_OPTIMIZATION_LEVEL = "-Onone";
			};
			name = Debug;
		};
		D2326D002AA64343009B35FD /* Release */ = {
			isa = XCBuildConfiguration;
			buildSettings = {
				ALWAYS_SEARCH_USER_PATHS = NO;
				CLANG_ANALYZER_NONNULL = YES;
				CLANG_ANALYZER_NUMBER_OBJECT_CONVERSION = YES_AGGRESSIVE;
				CLANG_CXX_LANGUAGE_STANDARD = "gnu++20";
				CLANG_ENABLE_MODULES = YES;
				CLANG_ENABLE_OBJC_ARC = YES;
				CLANG_ENABLE_OBJC_WEAK = YES;
				CLANG_WARN_BLOCK_CAPTURE_AUTORELEASING = YES;
				CLANG_WARN_BOOL_CONVERSION = YES;
				CLANG_WARN_COMMA = YES;
				CLANG_WARN_CONSTANT_CONVERSION = YES;
				CLANG_WARN_DEPRECATED_OBJC_IMPLEMENTATIONS = YES;
				CLANG_WARN_DIRECT_OBJC_ISA_USAGE = YES_ERROR;
				CLANG_WARN_DOCUMENTATION_COMMENTS = YES;
				CLANG_WARN_EMPTY_BODY = YES;
				CLANG_WARN_ENUM_CONVERSION = YES;
				CLANG_WARN_INFINITE_RECURSION = YES;
				CLANG_WARN_INT_CONVERSION = YES;
				CLANG_WARN_NON_LITERAL_NULL_CONVERSION = YES;
				CLANG_WARN_OBJC_IMPLICIT_RETAIN_SELF = YES;
				CLANG_WARN_OBJC_LITERAL_CONVERSION = YES;
				CLANG_WARN_OBJC_ROOT_CLASS = YES_ERROR;
				CLANG_WARN_QUOTED_INCLUDE_IN_FRAMEWORK_HEADER = YES;
				CLANG_WARN_RANGE_LOOP_ANALYSIS = YES;
				CLANG_WARN_STRICT_PROTOTYPES = YES;
				CLANG_WARN_SUSPICIOUS_MOVE = YES;
				CLANG_WARN_UNGUARDED_AVAILABILITY = YES_AGGRESSIVE;
				CLANG_WARN_UNREACHABLE_CODE = YES;
				CLANG_WARN__DUPLICATE_METHOD_MATCH = YES;
				COPY_PHASE_STRIP = NO;
				DEBUG_INFORMATION_FORMAT = "dwarf-with-dsym";
				ENABLE_NS_ASSERTIONS = NO;
				ENABLE_STRICT_OBJC_MSGSEND = YES;
				GCC_C_LANGUAGE_STANDARD = gnu11;
				GCC_NO_COMMON_BLOCKS = YES;
				GCC_WARN_64_TO_32_BIT_CONVERSION = YES;
				GCC_WARN_ABOUT_RETURN_TYPE = YES_ERROR;
				GCC_WARN_UNDECLARED_SELECTOR = YES;
				GCC_WARN_UNINITIALIZED_AUTOS = YES_AGGRESSIVE;
				GCC_WARN_UNUSED_FUNCTION = YES;
				GCC_WARN_UNUSED_VARIABLE = YES;
				IPHONEOS_DEPLOYMENT_TARGET = 16.4;
				MTL_ENABLE_DEBUG_INFO = NO;
				MTL_FAST_MATH = YES;
				SDKROOT = iphoneos;
				SWIFT_COMPILATION_MODE = wholemodule;
				SWIFT_OPTIMIZATION_LEVEL = "-O";
				VALIDATE_PRODUCT = YES;
			};
			name = Release;
		};
		D2326D022AA64343009B35FD /* Debug */ = {
			isa = XCBuildConfiguration;
			buildSettings = {
				ASSETCATALOG_COMPILER_APPICON_NAME = AppIcon;
				ASSETCATALOG_COMPILER_GLOBAL_ACCENT_COLOR_NAME = AccentColor;
				CODE_SIGN_STYLE = Automatic;
				CURRENT_PROJECT_VERSION = 1;
				DEVELOPMENT_TEAM = H993X64HVL;
				GENERATE_INFOPLIST_FILE = YES;
				INFOPLIST_FILE = BookingHotel/Info.plist;
				INFOPLIST_KEY_UIApplicationSupportsIndirectInputEvents = YES;
				INFOPLIST_KEY_UILaunchStoryboardName = LaunchScreen;
				INFOPLIST_KEY_UIMainStoryboardFile = Main;
				INFOPLIST_KEY_UIStatusBarStyle = UIStatusBarStyleDarkContent;
				INFOPLIST_KEY_UISupportedInterfaceOrientations = UIInterfaceOrientationPortrait;
				INFOPLIST_KEY_UISupportedInterfaceOrientations_iPad = "UIInterfaceOrientationLandscapeLeft UIInterfaceOrientationLandscapeRight UIInterfaceOrientationPortrait UIInterfaceOrientationPortraitUpsideDown";
				IPHONEOS_DEPLOYMENT_TARGET = 16.0;
				LD_RUNPATH_SEARCH_PATHS = (
					"$(inherited)",
					"@executable_path/Frameworks",
				);
				MARKETING_VERSION = 1.0;
				PRODUCT_BUNDLE_IDENTIFIER = "Yury-Lebedev.BookingHotel";
				PRODUCT_NAME = "$(TARGET_NAME)";
				SUPPORTED_PLATFORMS = "iphoneos iphonesimulator";
				SUPPORTS_MACCATALYST = NO;
				SUPPORTS_MAC_DESIGNED_FOR_IPHONE_IPAD = NO;
				SWIFT_EMIT_LOC_STRINGS = YES;
				SWIFT_VERSION = 5.0;
				TARGETED_DEVICE_FAMILY = 1;
			};
			name = Debug;
		};
		D2326D032AA64343009B35FD /* Release */ = {
			isa = XCBuildConfiguration;
			buildSettings = {
				ASSETCATALOG_COMPILER_APPICON_NAME = AppIcon;
				ASSETCATALOG_COMPILER_GLOBAL_ACCENT_COLOR_NAME = AccentColor;
				CODE_SIGN_STYLE = Automatic;
				CURRENT_PROJECT_VERSION = 1;
				DEVELOPMENT_TEAM = H993X64HVL;
				GENERATE_INFOPLIST_FILE = YES;
				INFOPLIST_FILE = BookingHotel/Info.plist;
				INFOPLIST_KEY_UIApplicationSupportsIndirectInputEvents = YES;
				INFOPLIST_KEY_UILaunchStoryboardName = LaunchScreen;
				INFOPLIST_KEY_UIMainStoryboardFile = Main;
				INFOPLIST_KEY_UIStatusBarStyle = UIStatusBarStyleDarkContent;
				INFOPLIST_KEY_UISupportedInterfaceOrientations = UIInterfaceOrientationPortrait;
				INFOPLIST_KEY_UISupportedInterfaceOrientations_iPad = "UIInterfaceOrientationLandscapeLeft UIInterfaceOrientationLandscapeRight UIInterfaceOrientationPortrait UIInterfaceOrientationPortraitUpsideDown";
				IPHONEOS_DEPLOYMENT_TARGET = 16.0;
				LD_RUNPATH_SEARCH_PATHS = (
					"$(inherited)",
					"@executable_path/Frameworks",
				);
				MARKETING_VERSION = 1.0;
				PRODUCT_BUNDLE_IDENTIFIER = "Yury-Lebedev.BookingHotel";
				PRODUCT_NAME = "$(TARGET_NAME)";
				SUPPORTED_PLATFORMS = "iphoneos iphonesimulator";
				SUPPORTS_MACCATALYST = NO;
				SUPPORTS_MAC_DESIGNED_FOR_IPHONE_IPAD = NO;
				SWIFT_EMIT_LOC_STRINGS = YES;
				SWIFT_VERSION = 5.0;
				TARGETED_DEVICE_FAMILY = 1;
			};
			name = Release;
		};
/* End XCBuildConfiguration section */

/* Begin XCConfigurationList section */
		D2326CE82AA64342009B35FD /* Build configuration list for PBXProject "BookingHotel" */ = {
			isa = XCConfigurationList;
			buildConfigurations = (
				D2326CFF2AA64343009B35FD /* Debug */,
				D2326D002AA64343009B35FD /* Release */,
			);
			defaultConfigurationIsVisible = 0;
			defaultConfigurationName = Release;
		};
		D2326D012AA64343009B35FD /* Build configuration list for PBXNativeTarget "BookingHotel" */ = {
			isa = XCConfigurationList;
			buildConfigurations = (
				D2326D022AA64343009B35FD /* Debug */,
				D2326D032AA64343009B35FD /* Release */,
			);
			defaultConfigurationIsVisible = 0;
			defaultConfigurationName = Release;
		};
/* End XCConfigurationList section */
	};
	rootObject = D2326CE52AA64342009B35FD /* Project object */;
}
